{
  "version": 4,
  "terraform_version": "1.8.5",
  "serial": 9,
  "lineage": "d9980e48-4a9f-fd6a-59dd-63e62b6d5cc7",
  "outputs": {},
  "resources": [
    {
      "mode": "managed",
      "type": "auth0_client",
      "name": "example_app_5L9zarNI6H0cFBOesw2MtnX1TyUym7Rv",
      "provider": "provider[\"registry.terraform.io/alexkappa/auth0\"]",
      "instances": [
        {
          "schema_version": 0,
          "attributes": {
            "addons": [],
            "allowed_clients": [],
            "allowed_logout_urls": [],
            "allowed_origins": [],
            "app_type": "",
            "callbacks": [],
            "client_id": "5L9zarNI6H0cFBOesw2MtnX1TyUym7Rv",
            "client_metadata": {},
            "client_secret": "tNd9lLvgg2IYcozP0yDMC7aaAGUj77CD9UNVaiDesGTzDylftCmO_-HT8aS0t3UM",
            "client_secret_rotation_trigger": null,
            "cross_origin_auth": false,
            "cross_origin_loc": "",
            "custom_login_page": "",
            "custom_login_page_on": false,
            "description": "",
            "encryption_key": {},
            "form_template": "",
            "grant_types": [],
            "id": "5L9zarNI6H0cFBOesw2MtnX1TyUym7Rv",
            "initiate_login_uri": "",
            "is_first_party": true,
            "is_token_endpoint_ip_header_trusted": false,
            "jwt_configuration": [
              {
                "alg": "",
                "lifetime_in_seconds": 0,
                "scopes": {},
                "secret_encoded": false
              }
            ],
            "logo_uri": "",
            "mobile": [],
            "name": "Imported Client 5L9zarNI6H0cFBOesw2MtnX1TyUym7Rv",
            "native_social_login": [],
            "oidc_conformant": false,
            "organization_require_behavior": "",
            "organization_usage": "",
            "refresh_token": [
              {
                "expiration_type": "non-expiring",
                "idle_token_lifetime": 1296000,
                "infinite_idle_token_lifetime": true,
                "infinite_token_lifetime": true,
                "leeway": 0,
                "rotation_type": "non-rotating",
                "token_lifetime": 2592000
              }
            ],
            "sso": false,
            "sso_disabled": false,
            "token_endpoint_auth_method": "",
            "web_origins": []
          },
          "sensitive_attributes": [
            [
              {
                "type": "get_attr",
                "value": "client_secret"
              }
            ]
          ],
          "private": "bnVsbA=="
        }
      ]
    },
    {
      "mode": "managed",
      "type": "auth0_client",
      "name": "example_app_6jAGWbJWI3WqZ4mfgRbkGKwCyyNZ1xEn",
      "provider": "provider[\"registry.terraform.io/alexkappa/auth0\"]",
      "instances": [
        {
          "schema_version": 0,
          "attributes": {
            "addons": [],
            "allowed_clients": [],
            "allowed_logout_urls": [],
            "allowed_origins": [],
            "app_type": "non_interactive",
            "callbacks": [],
            "client_id": "6jAGWbJWI3WqZ4mfgRbkGKwCyyNZ1xEn",
            "client_metadata": {},
            "client_secret": "Tt9H3GPaQvRupey8zK6F075BMo2H5aCoxjcaNCmsNHVAuDLd-eCiksvraLkkAiT_",
            "client_secret_rotation_trigger": null,
            "cross_origin_auth": false,
            "cross_origin_loc": "",
            "custom_login_page": "",
            "custom_login_page_on": true,
            "description": "",
            "encryption_key": {},
            "form_template": "",
            "grant_types": [
              "client_credentials"
            ],
            "id": "6jAGWbJWI3WqZ4mfgRbkGKwCyyNZ1xEn",
            "initiate_login_uri": "",
            "is_first_party": true,
            "is_token_endpoint_ip_header_trusted": false,
            "jwt_configuration": [
              {
                "alg": "RS256",
                "lifetime_in_seconds": 36000,
                "scopes": {},
                "secret_encoded": false
              }
            ],
            "logo_uri": "",
            "mobile": [],
            "name": "Imported Client 6jAGWbJWI3WqZ4mfgRbkGKwCyyNZ1xEn",
            "native_social_login": [],
            "oidc_conformant": true,
            "organization_require_behavior": "",
            "organization_usage": "",
            "refresh_token": [
              {
                "expiration_type": "non-expiring",
                "idle_token_lifetime": 2592000,
                "infinite_idle_token_lifetime": true,
                "infinite_token_lifetime": true,
                "leeway": 0,
                "rotation_type": "non-rotating",
                "token_lifetime": 31557600
              }
            ],
            "sso": false,
            "sso_disabled": false,
            "token_endpoint_auth_method": "client_secret_post",
            "web_origins": []
          },
          "sensitive_attributes": [
            [
              {
                "type": "get_attr",
                "value": "client_secret"
              }
            ]
          ],
          "private": "bnVsbA=="
        }
      ]
    },
    {
      "mode": "managed",
      "type": "auth0_client",
      "name": "example_app_Wl7g9jU3AxAIrxCWUg29JVHsb2NzxGm2",
      "provider": "provider[\"registry.terraform.io/alexkappa/auth0\"]",
      "instances": [
        {
          "schema_version": 0,
          "attributes": {
            "addons": [],
            "allowed_clients": [],
            "allowed_logout_urls": [],
            "allowed_origins": [],
            "app_type": "",
            "callbacks": [],
            "client_id": "Wl7g9jU3AxAIrxCWUg29JVHsb2NzxGm2",
            "client_metadata": {},
            "client_secret": "YDHNbf7gHtIi8sa6g8RrGDAcfRlllM3X3W114qXhLi-JnNCbonFxl7jdf53qlyQo",
            "client_secret_rotation_trigger": null,
            "cross_origin_auth": false,
            "cross_origin_loc": "",
            "custom_login_page": "",
            "custom_login_page_on": true,
            "description": "",
            "encryption_key": {},
            "form_template": "",
            "grant_types": [
              "authorization_code",
              "implicit",
              "refresh_token",
              "client_credentials"
            ],
            "id": "Wl7g9jU3AxAIrxCWUg29JVHsb2NzxGm2",
            "initiate_login_uri": "",
            "is_first_party": true,
            "is_token_endpoint_ip_header_trusted": false,
            "jwt_configuration": [
              {
                "alg": "RS256",
                "lifetime_in_seconds": 36000,
                "scopes": {},
                "secret_encoded": false
              }
            ],
            "logo_uri": "",
            "mobile": [],
            "name": "Imported Client Wl7g9jU3AxAIrxCWUg29JVHsb2NzxGm2",
            "native_social_login": [],
            "oidc_conformant": true,
            "organization_require_behavior": "",
            "organization_usage": "",
            "refresh_token": [
              {
                "expiration_type": "non-expiring",
                "idle_token_lifetime": 1296000,
                "infinite_idle_token_lifetime": true,
                "infinite_token_lifetime": true,
                "leeway": 0,
                "rotation_type": "non-rotating",
                "token_lifetime": 2592000
              }
            ],
            "sso": false,
            "sso_disabled": false,
            "token_endpoint_auth_method": "",
            "web_origins": []
          },
          "sensitive_attributes": [
            [
              {
                "type": "get_attr",
                "value": "client_secret"
              }
            ]
          ],
          "private": "bnVsbA=="
        }
      ]
    }
  ],
  "check_results": null
}
